
Microsoft Visual Studio Solution File, Format Version 12.00
# Visual Studio Version 17
VisualStudioVersion = 17.14.36301.6 d17.14
MinimumVisualStudioVersion = 10.0.40219.1
Project("{FAE04EC0-301F-11D3-BF4B-00C04F79EFBC}") = "Vad.Reef.Server", "Vad.Reef.Server\Vad.Reef.Server.csproj", "{76A1022C-CCC9-4BA5-9CD8-7E5CDD57C607}"
EndProject
Project("{FAE04EC0-301F-11D3-BF4B-00C04F79EFBC}") = "Vad.Reef.Logic", "Vad.Reef.Logic\Vad.Reef.Logic.csproj", "{5C5D7E7E-B70A-4302-87BC-0E1159019A85}"
EndProject
Project("{FAE04EC0-301F-11D3-BF4B-00C04F79EFBC}") = "Vad.Reef.Titan", "Vad.Reef.Titan\Vad.Reef.Titan.csproj", "{58DAAA61-FF2D-4D15-AC1C-F084C79D465D}"
EndProject
Global
	GlobalSection(SolutionConfigurationPlatforms) = preSolution
		Debug|Any CPU = Debug|Any CPU
		Release|Any CPU = Release|Any CPU
	EndGlobalSection
	GlobalSection(ProjectConfigurationPlatforms) = postSolution
		{76A1022C-CCC9-4BA5-9CD8-7E5CDD57C607}.Debug|Any CPU.ActiveCfg = Debug|Any CPU
		{76A1022C-CCC9-4BA5-9CD8-7E5CDD57C607}.Debug|Any CPU.Build.0 = Debug|Any CPU
		{76A1022C-CCC9-4BA5-9CD8-7E5CDD57C607}.Release|Any CPU.ActiveCfg = Release|Any CPU
		{76A1022C-CCC9-4BA5-9CD8-7E5CDD57C607}.Release|Any CPU.Build.0 = Release|Any CPU
		{5C5D7E7E-B70A-4302-87BC-0E1159019A85}.Debug|Any CPU.ActiveCfg = Debug|Any CPU
		{5C5D7E7E-B70A-4302-87BC-0E1159019A85}.Debug|Any CPU.Build.0 = Debug|Any CPU
		{5C5D7E7E-B70A-4302-87BC-0E1159019A85}.Release|Any CPU.ActiveCfg = Release|Any CPU
		{5C5D7E7E-B70A-4302-87BC-0E1159019A85}.Release|Any CPU.Build.0 = Release|Any CPU
		{58DAAA61-FF2D-4D15-AC1C-F084C79D465D}.Debug|Any CPU.ActiveCfg = Debug|Any CPU
		{58DAAA61-FF2D-4D15-AC1C-F084C79D465D}.Debug|Any CPU.Build.0 = Debug|Any CPU
		{58DAAA61-FF2D-4D15-AC1C-F084C79D465D}.Release|Any CPU.ActiveCfg = Release|Any CPU
		{58DAAA61-FF2D-4D15-AC1C-F084C79D465D}.Release|Any CPU.Build.0 = Release|Any CPU
	EndGlobalSection
	GlobalSection(SolutionProperties) = preSolution
		HideSolutionNode = FALSE
	EndGlobalSection
	GlobalSection(ExtensibilityGlobals) = postSolution
		SolutionGuid = {9441AB76-00D8-4E51-B99B-CB2C5C315D50}
	EndGlobalSection
EndGlobal
